// !$*UTF8*$!
{
	archiveVersion = 1;
	classes = {
	};
	objectVersion = 46;
	objects = {

/* Begin PBXBuildFile section */
		ACC0345A1544AB2500C549B9 /* main.c in Sources */ = {isa = PBXBuildFile; fileRef = ACC034551544AB2500C549B9 /* main.c */; };
		ACC0345B1544AB2500C549B9 /* fc_tests.c in Sources */ = {isa = PBXBuildFile; fileRef = ACC034571544AB2500C549B9 /* fc_tests.c */; };
		ACC0345E1544ABC200C549B9 /* fc_core.c in Sources */ = {isa = PBXBuildFile; fileRef = ACC0345D1544ABC200C549B9 /* fc_core.c */; };
/* End PBXBuildFile section */

/* Begin PBXCopyFilesBuildPhase section */
		ACC0343B1544A87A00C549B9 /* CopyFiles */ = {
			isa = PBXCopyFilesBuildPhase;
			buildActionMask = 2147483647;
			dstPath = /usr/share/man/man1/;
			dstSubfolderSpec = 0;
			files = (
			);
			runOnlyForDeploymentPostprocessing = 1;
		};
/* End PBXCopyFilesBuildPhase section */

/* Begin PBXFileReference section */
		ACC0343D1544A87A00C549B9 /* FunC */ = {isa = PBXFileReference; explicitFileType = "compiled.mach-o.executable"; includeInIndex = 0; path = FunC; sourceTree = BUILT_PRODUCTS_DIR; };
		ACC034531544AB2500C549B9 /* deps.h */ = {isa = PBXFileReference; fileEncoding = 4; lastKnownFileType = sourcecode.c.h; path = deps.h; sourceTree = "<group>"; };
		ACC034541544AB2500C549B9 /* fun_c.h */ = {isa = PBXFileReference; fileEncoding = 4; lastKnownFileType = sourcecode.c.h; path = fun_c.h; sourceTree = "<group>"; };
		ACC034551544AB2500C549B9 /* main.c */ = {isa = PBXFileReference; fileEncoding = 4; lastKnownFileType = sourcecode.c.c; name = main.c; path = ../main.c; sourceTree = "<group>"; };
		ACC034571544AB2500C549B9 /* fc_tests.c */ = {isa = PBXFileReference; fileEncoding = 4; lastKnownFileType = sourcecode.c.c; path = fc_tests.c; sourceTree = "<group>"; };
		ACC034581544AB2500C549B9 /* fc_tests.h */ = {isa = PBXFileReference; fileEncoding = 4; lastKnownFileType = sourcecode.c.h; path = fc_tests.h; sourceTree = "<group>"; };
		ACC034591544AB2500C549B9 /* minuit.h */ = {isa = PBXFileReference; fileEncoding = 4; lastKnownFileType = sourcecode.c.h; path = minuit.h; sourceTree = "<group>"; };
		ACC0345C1544ABBD00C549B9 /* fc_core.h */ = {isa = PBXFileReference; lastKnownFileType = sourcecode.c.h; path = fc_core.h; sourceTree = "<group>"; };
		ACC0345D1544ABC200C549B9 /* fc_core.c */ = {isa = PBXFileReference; fileEncoding = 4; lastKnownFileType = sourcecode.c.c; path = fc_core.c; sourceTree = "<group>"; };
/* End PBXFileReference section */

/* Begin PBXFrameworksBuildPhase section */
		ACC0343A1544A87A00C549B9 /* Frameworks */ = {
			isa = PBXFrameworksBuildPhase;
			buildActionMask = 2147483647;
			files = (
			);
			runOnlyForDeploymentPostprocessing = 0;
		};
/* End PBXFrameworksBuildPhase section */

/* Begin PBXGroup section */
		ACC034321544A87A00C549B9 = {
			isa = PBXGroup;
			children = (
				ACC034531544AB2500C549B9 /* deps.h */,
				ACC0345C1544ABBD00C549B9 /* fc_core.h */,
				ACC0345D1544ABC200C549B9 /* fc_core.c */,
				ACC034541544AB2500C549B9 /* fun_c.h */,
				ACC034561544AB2500C549B9 /* tests */,
				ACC0343E1544A87A00C549B9 /* Products */,
			);
			sourceTree = "<group>";
		};
		ACC0343E1544A87A00C549B9 /* Products */ = {
			isa = PBXGroup;
			children = (
				ACC0343D1544A87A00C549B9 /* FunC */,
			);
			name = Products;
			sourceTree = "<group>";
		};
		ACC034561544AB2500C549B9 /* tests */ = {
			isa = PBXGroup;
			children = (
				ACC034551544AB2500C549B9 /* main.c */,
				ACC034571544AB2500C549B9 /* fc_tests.c */,
				ACC034581544AB2500C549B9 /* fc_tests.h */,
				ACC034591544AB2500C549B9 /* minuit.h */,
			);
			path = tests;
			sourceTree = "<group>";
		};
/* End PBXGroup section */

/* Begin PBXNativeTarget section */
		ACC0343C1544A87A00C549B9 /* FunC */ = {
			isa = PBXNativeTarget;
			buildConfigurationList = ACC034471544A87A00C549B9 /* Build configuration list for PBXNativeTarget "FunC" */;
			buildPhases = (
				ACC034391544A87A00C549B9 /* Sources */,
				ACC0343A1544A87A00C549B9 /* Frameworks */,
				ACC0343B1544A87A00C549B9 /* CopyFiles */,
			);
			buildRules = (
			);
			dependencies = (
			);
			name = FunC;
			productName = FunC;
			productReference = ACC0343D1544A87A00C549B9 /* FunC */;
			productType = "com.apple.product-type.tool";
		};
/* End PBXNativeTarget section */

/* Begin PBXProject section */
		ACC034341544A87A00C549B9 /* Project object */ = {
			isa = PBXProject;
			attributes = {
				LastUpgradeCheck = 0430;
			};
			buildConfigurationList = ACC034371544A87A00C549B9 /* Build configuration list for PBXProject "FunC" */;
			compatibilityVersion = "Xcode 3.2";
			developmentRegion = English;
			hasScannedForEncodings = 0;
			knownRegions = (
				en,
			);
			mainGroup = ACC034321544A87A00C549B9;
			productRefGroup = ACC0343E1544A87A00C549B9 /* Products */;
			projectDirPath = "";
			projectRoot = "";
			targets = (
				ACC0343C1544A87A00C549B9 /* FunC */,
			);
		};
/* End PBXProject section */

/* Begin PBXSourcesBuildPhase section */
		ACC034391544A87A00C549B9 /* Sources */ = {
			isa = PBXSourcesBuildPhase;
			buildActionMask = 2147483647;
			files = (
				ACC0345A1544AB2500C549B9 /* main.c in Sources */,
				ACC0345B1544AB2500C549B9 /* fc_tests.c in Sources */,
				ACC0345E1544ABC200C549B9 /* fc_core.c in Sources */,
			);
			runOnlyForDeploymentPostprocessing = 0;
		};
/* End PBXSourcesBuildPhase section */

/* Begin XCBuildConfiguration section */
		ACC034451544A87A00C549B9 /* Debug */ = {
			isa = XCBuildConfiguration;
			buildSettings = {
				ALWAYS_SEARCH_USER_PATHS = NO;
				ARCHS = "$(ARCHS_STANDARD_64_BIT)";
				COPY_PHASE_STRIP = NO;
				GCC_C_LANGUAGE_STANDARD = gnu99;
				GCC_DYNAMIC_NO_PIC = NO;
				GCC_ENABLE_OBJC_EXCEPTIONS = YES;
				GCC_OPTIMIZATION_LEVEL = 0;
				GCC_PREPROCESSOR_DEFINITIONS = (
					"DEBUG=1",
					"$(inherited)",
				);
				GCC_SYMBOLS_PRIVATE_EXTERN = NO;
				GCC_VERSION = com.apple.compilers.llvm.clang.1_0;
				GCC_WARN_64_TO_32_BIT_CONVERSION = YES;
				GCC_WARN_ABOUT_RETURN_TYPE = YES;
				GCC_WARN_UNINITIALIZED_AUTOS = YES;
				GCC_WARN_UNUSED_VARIABLE = YES;
				MACOSX_DEPLOYMENT_TARGET = 10.7;
				ONLY_ACTIVE_ARCH = YES;
				SDKROOT = macosx;
			};
			name = Debug;
		};
		ACC034461544A87A00C549B9 /* Release */ = {
			isa = XCBuildConfiguration;
			buildSettings = {
				ALWAYS_SEARCH_USER_PATHS = NO;
				ARCHS = "$(ARCHS_STANDARD_64_BIT)";
				COPY_PHASE_STRIP = YES;
				DEBUG_INFORMATION_FORMAT = "dwarf-with-dsym";
				GCC_C_LANGUAGE_STANDARD = gnu99;
				GCC_ENABLE_OBJC_EXCEPTIONS = YES;
				GCC_VERSION = com.apple.compilers.llvm.clang.1_0;
				GCC_WARN_64_TO_32_BIT_CONVERSION = YES;
				GCC_WARN_ABOUT_RETURN_TYPE = YES;
				GCC_WARN_UNINITIALIZED_AUTOS = YES;
				GCC_WARN_UNUSED_VARIABLE = YES;
				MACOSX_DEPLOYMENT_TARGET = 10.7;
				SDKROOT = macosx;
			};
			name = Release;
		};
		ACC034481544A87A00C549B9 /* Debug */ = {
			isa = XCBuildConfiguration;
			buildSettings = {
				PRODUCT_NAME = "$(TARGET_NAME)";
			};
			name = Debug;
		};
		ACC034491544A87A00C549B9 /* Release */ = {
			isa = XCBuildConfiguration;
			buildSettings = {
				PRODUCT_NAME = "$(TARGET_NAME)";
			};
			name = Release;
		};
/* End XCBuildConfiguration section */

/* Begin XCConfigurationList section */
		ACC034371544A87A00C549B9 /* Build configuration list for PBXProject "FunC" */ = {
			isa = XCConfigurationList;
			buildConfigurations = (
				ACC034451544A87A00C549B9 /* Debug */,
				ACC034461544A87A00C549B9 /* Release */,
			);
			defaultConfigurationIsVisible = 0;
			defaultConfigurationName = Release;
		};
		ACC034471544A87A00C549B9 /* Build configuration list for PBXNativeTarget "FunC" */ = {
			isa = XCConfigurationList;
			buildConfigurations = (
				ACC034481544A87A00C549B9 /* Debug */,
				ACC034491544A87A00C549B9 /* Release */,
			);
			defaultConfigurationIsVisible = 0;
		};
/* End XCConfigurationList section */
	};
	rootObject = ACC034341544A87A00C549B9 /* Project object */;
}
